
Microsoft Visual Studio Solution File, Format Version 12.00
# Visual Studio Version 17
VisualStudioVersion = 17.6.33801.468
MinimumVisualStudioVersion = 10.0.40219.1
Project("{9A19103F-16F7-4668-BE54-9A1E7A4F7556}") = "BasicConsoleApp3", "BasicConsoleApp3\BasicConsoleApp3.csproj", "{B779FA9A-F3BB-4565-9459-9A1B40871D6A}"
EndProject
Project("{FAE04EC0-301F-11D3-BF4B-00C04F79EFBC}") = "Display", "Display\Display.csproj", "{588D3309-6FD5-4476-88AA-B3C8F49AD996}"
EndProject
Global
	GlobalSection(SolutionConfigurationPlatforms) = preSolution
		Debug|Any CPU = Debug|Any CPU
		Release|Any CPU = Release|Any CPU
	EndGlobalSection
	GlobalSection(ProjectConfigurationPlatforms) = postSolution
		{B779FA9A-F3BB-4565-9459-9A1B40871D6A}.Debug|Any CPU.ActiveCfg = Debug|Any CPU
		{B779FA9A-F3BB-4565-9459-9A1B40871D6A}.Debug|Any CPU.Build.0 = Debug|Any CPU
		{B779FA9A-F3BB-4565-9459-9A1B40871D6A}.Release|Any CPU.ActiveCfg = Release|Any CPU
		{B779FA9A-F3BB-4565-9459-9A1B40871D6A}.Release|Any CPU.Build.0 = Release|Any CPU
		{588D3309-6FD5-4476-88AA-B3C8F49AD996}.Debug|Any CPU.ActiveCfg = Debug|Any CPU
		{588D3309-6FD5-4476-88AA-B3C8F49AD996}.Debug|Any CPU.Build.0 = Debug|Any CPU
		{588D3309-6FD5-4476-88AA-B3C8F49AD996}.Release|Any CPU.ActiveCfg = Release|Any CPU
		{588D3309-6FD5-4476-88AA-B3C8F49AD996}.Release|Any CPU.Build.0 = Release|Any CPU
	EndGlobalSection
	GlobalSection(SolutionProperties) = preSolution
		HideSolutionNode = FALSE
	EndGlobalSection
	GlobalSection(ExtensibilityGlobals) = postSolution
		SolutionGuid = {A278E6B2-5552-41E5-849B-43CC79633CE8}
	EndGlobalSection
EndGlobal
